# THIS IS AN AUTOGENERATED FILE. DO NOT EDIT THIS FILE DIRECTLY.
# yarn lockfile v1


"@types/events@*":
  version "3.0.0"
  resolved "https://registry.yarnpkg.com/@types/events/-/events-3.0.0.tgz#2862f3f58a9a7f7c3e78d79f130dd4d71c25c2a7"
  integrity sha512-EaObqwIvayI5a8dCzhFrjKzVwKLxjoG9T6Ppd5CEo07LRKfQ8Yokw54r5+Wq7FaBQ+yXRvQAYPrHwya1/UFt9g==

"@types/node-localstorage@^1.3.0":
  version "1.3.0"
  resolved "https://registry.yarnpkg.com/@types/node-localstorage/-/node-localstorage-1.3.0.tgz#8341b89abd8ad00afcd3fa9242ed956b8f5ad32c"
  integrity sha512-9+s5CWGhkYitklhLgnbf4s5ncCEx0An2jhBuhvw/sh9WNQ+/WvNFkPLyLjXGy+Oeo8CjPl69oz6M2FzZH+KwWA==
  dependencies:
    "@types/events" "*"

"@types/node@^17.0.18":
  version "17.0.18"
  resolved "https://registry.npmjs.org/@types/node/-/node-17.0.18.tgz"
  integrity sha512-eKj4f/BsN/qcculZiRSujogjvp5O/k4lOW5m35NopjZM/QwLOR075a8pJW5hD+Rtdm2DaCVPENS6KtSQnUD6BA==

"@types/strip-bom@^3.0.0":
  version "3.0.0"
  resolved "https://registry.npmjs.org/@types/strip-bom/-/strip-bom-3.0.0.tgz"
  integrity sha1-FKjsOVbC6B7bdSB5CuzyHCkK69I=

"@types/strip-json-comments@0.0.30":
  version "0.0.30"
  resolved "https://registry.npmjs.org/@types/strip-json-comments/-/strip-json-comments-0.0.30.tgz"
  integrity sha512-7NQmHra/JILCd1QqpSzl8+mJRc8ZHz3uDm8YV1Ks9IhK0epEiTw8aIErbvH9PI+6XbqhyIQy3462nEsn7UVzjQ==

ansi-styles@^3.2.1:
  version "3.2.1"
  resolved "https://registry.npmjs.org/ansi-styles/-/ansi-styles-3.2.1.tgz"
  integrity sha512-VT0ZI6kZRdTh8YyJw3SMbYm/u+NqfsAxEpWO0Pf9sq8/e94WxxOpPKx9FR1FlyCtOVDNOQ+8ntlqFxiRc+r5qA==
  dependencies:
    color-convert "^1.9.0"

anymatch@~3.1.2:
  version "3.1.2"
  resolved "https://registry.npmjs.org/anymatch/-/anymatch-3.1.2.tgz"
  integrity sha512-P43ePfOAIupkguHUycrc4qJ9kz8ZiuOUijaETwX7THt0Y/GNK7v0aa8rY816xWjZ7rJdA5XdMcpVFTKMq+RvWg==
  dependencies:
    normalize-path "^3.0.0"
    picomatch "^2.0.4"

arg@^4.1.0:
  version "4.1.3"
  resolved "https://registry.npmjs.org/arg/-/arg-4.1.3.tgz"
  integrity sha512-58S9QDqG0Xx27YwPSt9fJxivjYl432YCwfDMfZ+71RAqUrZef7LrKQZ3LHLOwCS4FLNBplP533Zx895SeOCHvA==

balanced-match@^1.0.0:
  version "1.0.2"
  resolved "https://registry.npmjs.org/balanced-match/-/balanced-match-1.0.2.tgz"
  integrity sha512-3oSeUO0TMV67hN1AmbXsK4yaqU7tjiHlbxRDZOpH0KW9+CeX4bRAaX0Anxt0tx2MrpRpWwQaPwIlISEJhYU5Pw==

binary-extensions@^2.0.0:
  version "2.2.0"
  resolved "https://registry.npmjs.org/binary-extensions/-/binary-extensions-2.2.0.tgz"
  integrity sha512-jDctJ/IVQbZoJykoeHbhXpOlNBqGNcwXJKJog42E5HDPUwQTSdjCHdihjj0DlnheQ7blbT6dHOafNAiS8ooQKA==

brace-expansion@^1.1.7:
  version "1.1.11"
  resolved "https://registry.npmjs.org/brace-expansion/-/brace-expansion-1.1.11.tgz"
  integrity sha512-iCuPHDFgrHX7H2vEI/5xpz07zSHB00TpugqhmYtVmMO6518mCuRMoOYFldEBl0g187ufozdaHgWKcYFb61qGiA==
  dependencies:
    balanced-match "^1.0.0"
    concat-map "0.0.1"

braces@~3.0.2:
  version "3.0.2"
  resolved "https://registry.npmjs.org/braces/-/braces-3.0.2.tgz"
  integrity sha512-b8um+L1RzM3WDSzvhm6gIz1yfTbBt6YTlcEKAvsmqCZZFw46z626lVj9j1yEPW33H5H+lBQpZMP1k8l+78Ha0A==
  dependencies:
    fill-range "^7.0.1"

buffer-from@^1.0.0:
  version "1.1.2"
  resolved "https://registry.npmjs.org/buffer-from/-/buffer-from-1.1.2.tgz"
  integrity sha512-E+XQCRwSbaaiChtv6k6Dwgc+bx+Bs6vuKJHHl5kox/BaKbhiXzqQOwK4cO22yElGp2OCmjwVhT3HmxgyPGnJfQ==

"cardano-cli-async@git+ssh://git@github.com:BrunoS3D/cardano-cli-async.git":
  version "1.0.0"
  resolved "git+ssh://git@github.com:BrunoS3D/cardano-cli-async.git#7ab30484186d2e49f8acb23f82b7cb08887862cb"

chalk@2.4.1:
  version "2.4.1"
  resolved "https://registry.npmjs.org/chalk/-/chalk-2.4.1.tgz"
  integrity sha512-ObN6h1v2fTJSmUXoS3nMQ92LbDK9be4TV+6G+omQlGJFdcUX5heKi1LZ1YnRMIgwTLEj3E24bT6tYni50rlCfQ==
  dependencies:
    ansi-styles "^3.2.1"
    escape-string-regexp "^1.0.5"
    supports-color "^5.3.0"

chokidar@^3.5.1:
  version "3.5.3"
  resolved "https://registry.npmjs.org/chokidar/-/chokidar-3.5.3.tgz"
  integrity sha512-Dr3sfKRP6oTcjf2JmUmFJfeVMvXBdegxB0iVQ5eb2V10uFJUCAS8OByZdVAyVb8xXNz3GjjTgj9kLWsZTqE6kw==
  dependencies:
    anymatch "~3.1.2"
    braces "~3.0.2"
    glob-parent "~5.1.2"
    is-binary-path "~2.1.0"
    is-glob "~4.0.1"
    normalize-path "~3.0.0"
    readdirp "~3.6.0"
  optionalDependencies:
    fsevents "~2.3.2"

color-convert@^1.9.0:
  version "1.9.3"
  resolved "https://registry.npmjs.org/color-convert/-/color-convert-1.9.3.tgz"
  integrity sha512-QfAUtd+vFdAtFQcC8CCyYt1fYWxSqAiK2cSD6zDB8N3cpsEBAvRxp9zOGg6G/SHHJYAT88/az/IuDGALsNVbGg==
  dependencies:
    color-name "1.1.3"

color-name@1.1.3:
  version "1.1.3"
  resolved "https://registry.npmjs.org/color-name/-/color-name-1.1.3.tgz"
  integrity sha1-p9BVi9icQveV3UIyj3QIMcpTvCU=

commander@^4.0.0:
  version "4.1.1"
  resolved "https://registry.npmjs.org/commander/-/commander-4.1.1.tgz"
  integrity sha512-NOKm8xhkzAjzFx8B2v5OAHT+u5pRQc2UCa2Vq9jYL/31o2wi9mxBA7LIFs3sV5VSC49z6pEhfbMULvShKj26WA==

commander@^9.0.0:
  version "9.0.0"
  resolved "https://registry.npmjs.org/commander/-/commander-9.0.0.tgz"
  integrity sha512-JJfP2saEKbQqvW+FI93OYUB4ByV5cizMpFMiiJI8xDbBvQvSkIk0VvQdn1CZ8mqAO8Loq2h0gYTYtDFUZUeERw==

concat-map@0.0.1:
  version "0.0.1"
  resolved "https://registry.npmjs.org/concat-map/-/concat-map-0.0.1.tgz"
  integrity sha1-2Klr13/Wjfd5OnMDajug1UBdR3s=

create-require@^1.1.0:
  version "1.1.1"
  resolved "https://registry.npmjs.org/create-require/-/create-require-1.1.1.tgz"
  integrity sha512-dcKFX3jn0MpIaXjisoRvexIJVEKzaq7z2rZKxf+MSr9TkdmHmsU4m2lcLojrj/FHl8mk5VxMmYA+ftRkP/3oKQ==

cross-spawn@^7.0.0:
  version "7.0.3"
  resolved "https://registry.npmjs.org/cross-spawn/-/cross-spawn-7.0.3.tgz"
  integrity sha512-iRDPJKUPVEND7dHPO8rkbOnPpyDygcDFtWjpeWNCgy8WP2rXcxXL8TskReQl6OrB2G7+UJrags1q15Fudc7G6w==
  dependencies:
    path-key "^3.1.0"
    shebang-command "^2.0.0"
    which "^2.0.1"

data-uri-to-buffer@^4.0.0:
  version "4.0.0"
  resolved "https://registry.yarnpkg.com/data-uri-to-buffer/-/data-uri-to-buffer-4.0.0.tgz#b5db46aea50f6176428ac05b73be39a57701a64b"
  integrity sha512-Vr3mLBA8qWmcuschSLAOogKgQ/Jwxulv3RNE4FXnYWRGujzrRWQI4m12fQqRkwX06C0KanhLr4hK+GydchZsaA==

diff@^4.0.1:
  version "4.0.2"
  resolved "https://registry.npmjs.org/diff/-/diff-4.0.2.tgz"
  integrity sha512-58lmxKSA4BNyLz+HHMUzlOEpg09FV+ev6ZMe3vJihgdxzgcwZ8VoEEPmALCZG9LmqfVoNMMKpttIYTVG6uDY7A==

dotenv@^14.3.2:
  version "14.3.2"
  resolved "https://registry.npmjs.org/dotenv/-/dotenv-14.3.2.tgz"
  integrity sha512-vwEppIphpFdvaMCaHfCEv9IgwcxMljMw2TnAQBB4VWPvzXQLTb82jwmdOKzlEVUL3gNFT4l4TPKO+Bn+sqcrVQ==

dynamic-dedupe@^0.3.0:
  version "0.3.0"
  resolved "https://registry.npmjs.org/dynamic-dedupe/-/dynamic-dedupe-0.3.0.tgz"
  integrity sha1-BuRMIj9eTpTXjvnbI6ZRXOL5YqE=
  dependencies:
    xtend "^4.0.0"

emittery@^0.9.2:
  version "0.9.2"
  resolved "https://registry.yarnpkg.com/emittery/-/emittery-0.9.2.tgz#0a57c40773c6da380115c85bd67d381dd9e22f6f"
  integrity sha512-sweWHu3j4dQm+NjLPu17pv+m5lCeK7g4Ov0NgfbRUEyzLc59DYDeRYXqlxEvuolaToI0VR3ThjFAghzl7Acjfw==

env-cmd@^10.1.0:
  version "10.1.0"
  resolved "https://registry.npmjs.org/env-cmd/-/env-cmd-10.1.0.tgz"
  integrity sha512-mMdWTT9XKN7yNth/6N6g2GuKuJTsKMDHlQFUDacb/heQRRWOTIZ42t1rMHnQu4jYxU1ajdTeJM+9eEETlqToMA==
  dependencies:
    commander "^4.0.0"
    cross-spawn "^7.0.0"

escape-string-regexp@^1.0.5:
  version "1.0.5"
  resolved "https://registry.npmjs.org/escape-string-regexp/-/escape-string-regexp-1.0.5.tgz"
  integrity sha1-G2HAViGQqN/2rjuyzwIAyhMLhtQ=

fetch-blob@^3.1.2, fetch-blob@^3.1.4:
  version "3.1.4"
  resolved "https://registry.yarnpkg.com/fetch-blob/-/fetch-blob-3.1.4.tgz#e8c6567f80ad7fc22fd302e7dcb72bafde9c1717"
  integrity sha512-Eq5Xv5+VlSrYWEqKrusxY1C3Hm/hjeAsCGVG3ft7pZahlUAChpGZT/Ms1WmSLnEAisEXszjzu/s+ce6HZB2VHA==
  dependencies:
    node-domexception "^1.0.0"
    web-streams-polyfill "^3.0.3"

fill-range@^7.0.1:
  version "7.0.1"
  resolved "https://registry.npmjs.org/fill-range/-/fill-range-7.0.1.tgz"
  integrity sha512-qOo9F+dMUmC2Lcb4BbVvnKJxTPjCm+RRpe4gDuGrzkL7mEVl/djYSu2OdQ2Pa302N4oqkSg9ir6jaLWJ2USVpQ==
  dependencies:
    to-regex-range "^5.0.1"

formdata-polyfill@^4.0.10:
  version "4.0.10"
  resolved "https://registry.yarnpkg.com/formdata-polyfill/-/formdata-polyfill-4.0.10.tgz#24807c31c9d402e002ab3d8c720144ceb8848423"
  integrity sha512-buewHzMvYL29jdeQTVILecSaZKnt/RJWjoZCF5OW60Z67/GmSLBkOFM7qh1PI3zFNtJbaZL5eQu1vLfazOwj4g==
  dependencies:
    fetch-blob "^3.1.2"

fs.realpath@^1.0.0:
  version "1.0.0"
  resolved "https://registry.npmjs.org/fs.realpath/-/fs.realpath-1.0.0.tgz"
  integrity sha1-FQStJSMVjKpA20onh8sBQRmU6k8=

fsevents@~2.3.2:
  version "2.3.2"
  resolved "https://registry.yarnpkg.com/fsevents/-/fsevents-2.3.2.tgz#8a526f78b8fdf4623b709e0b975c52c24c02fd1a"
  integrity sha512-xiqMQR4xAeHTuB9uWm+fFRcIOgKBMiOBP+eXiyT7jsgVCq1bkVygt00oASowB7EdtpOHaaPgKt812P9ab+DDKA==

function-bind@^1.1.1:
  version "1.1.1"
  resolved "https://registry.npmjs.org/function-bind/-/function-bind-1.1.1.tgz"
  integrity sha512-yIovAzMX49sF8Yl58fSCWJ5svSLuaibPxXQJFLmBObTuCr0Mf1KiPopGM9NiFjiYBCbfaa2Fh6breQ6ANVTI0A==

glob-parent@~5.1.2:
  version "5.1.2"
  resolved "https://registry.npmjs.org/glob-parent/-/glob-parent-5.1.2.tgz"
  integrity sha512-AOIgSQCepiJYwP3ARnGx+5VnTu2HBYdzbGP45eLw1vr3zB3vZLeyed1sC9hnbcOc9/SrMyM5RPQrkGz4aS9Zow==
  dependencies:
    is-glob "^4.0.1"

glob@^7.1.3:
  version "7.2.0"
  resolved "https://registry.npmjs.org/glob/-/glob-7.2.0.tgz"
  integrity sha512-lmLf6gtyrPq8tTjSmrO94wBeQbFR3HbLHbuyD69wuyQkImp2hWqMGB47OX65FBkPffO641IP9jWa1z4ivqG26Q==
  dependencies:
    fs.realpath "^1.0.0"
    inflight "^1.0.4"
    inherits "2"
    minimatch "^3.0.4"
    once "^1.3.0"
    path-is-absolute "^1.0.0"

graceful-fs@^4.1.11:
  version "4.2.9"
  resolved "https://registry.yarnpkg.com/graceful-fs/-/graceful-fs-4.2.9.tgz#041b05df45755e587a24942279b9d113146e1c96"
  integrity sha512-NtNxqUcXgpW2iMrfqSfR73Glt39K+BLwWsPs94yR63v45T0Wbej7eRmL5cWfwEgqXnmjQp3zaJTshdRW/qC2ZQ==

has-flag@^3.0.0:
  version "3.0.0"
  resolved "https://registry.npmjs.org/has-flag/-/has-flag-3.0.0.tgz"
  integrity sha1-tdRU3CGZriJWmfNGfloH87lVuv0=

has@^1.0.3:
  version "1.0.3"
  resolved "https://registry.npmjs.org/has/-/has-1.0.3.tgz"
  integrity sha512-f2dvO0VU6Oej7RkWJGrehjbzMAjFp5/VKPp5tTpWIV4JHHZK1/BxbFRtf/siA2SWTe09caDmVtYYzWEIbBS4zw==
  dependencies:
    function-bind "^1.1.1"

imurmurhash@^0.1.4:
  version "0.1.4"
  resolved "https://registry.yarnpkg.com/imurmurhash/-/imurmurhash-0.1.4.tgz#9218b9b2b928a238b13dc4fb6b6d576f231453ea"
  integrity sha1-khi5srkoojixPcT7a21XbyMUU+o=

inflight@^1.0.4:
  version "1.0.6"
  resolved "https://registry.npmjs.org/inflight/-/inflight-1.0.6.tgz"
  integrity sha1-Sb1jMdfQLQwJvJEKEHW6gWW1bfk=
  dependencies:
    once "^1.3.0"
    wrappy "1"

inherits@2:
  version "2.0.4"
  resolved "https://registry.npmjs.org/inherits/-/inherits-2.0.4.tgz"
  integrity sha512-k/vGaX4/Yla3WzyMCvTQOXYeIHvqOKtnqBduzTHpzpQZzAskKMhZ2K+EnBiSM9zGSoIFeMpXKxa4dYeZIQqewQ==

is-binary-path@~2.1.0:
  version "2.1.0"
  resolved "https://registry.npmjs.org/is-binary-path/-/is-binary-path-2.1.0.tgz"
  integrity sha512-ZMERYes6pDydyuGidse7OsHxtbI7WVeUEozgR/g7rd0xUimYNlvZRE/K2MgZTjWy725IfelLeVcEM97mmtRGXw==
  dependencies:
    binary-extensions "^2.0.0"

is-core-module@^2.8.1:
  version "2.8.1"
  resolved "https://registry.npmjs.org/is-core-module/-/is-core-module-2.8.1.tgz"
  integrity sha512-SdNCUs284hr40hFTFP6l0IfZ/RSrMXF3qgoRHd3/79unUTvrFO/JoXwkGm+5J/Oe3E/b5GsnG330uUNgRpu1PA==
  dependencies:
    has "^1.0.3"

is-extglob@^2.1.1:
  version "2.1.1"
  resolved "https://registry.npmjs.org/is-extglob/-/is-extglob-2.1.1.tgz"
  integrity sha1-qIwCU1eR8C7TfHahueqXc8gz+MI=

is-glob@^4.0.1, is-glob@~4.0.1:
  version "4.0.3"
  resolved "https://registry.npmjs.org/is-glob/-/is-glob-4.0.3.tgz"
  integrity sha512-xelSayHH36ZgE7ZWhli7pW34hNbNl8Ojv5KVmkJD4hBdD3th8Tfk9vYasLM+mXWOZhFkgZfxhLSnrwRr4elSSg==
  dependencies:
    is-extglob "^2.1.1"

is-number@^7.0.0:
  version "7.0.0"
  resolved "https://registry.npmjs.org/is-number/-/is-number-7.0.0.tgz"
  integrity sha512-41Cifkg6e8TylSpdtTpeLVMqvSBEVzTttHvERD741+pnZ8ANv0004MRL43QKPDlK9cGvNp6NZWZUBlbGXYxxng==

isexe@^2.0.0:
  version "2.0.0"
  resolved "https://registry.npmjs.org/isexe/-/isexe-2.0.0.tgz"
  integrity sha1-6PvzdNxVb/iUehDcsFctYz8s+hA=

make-error@^1.1.1:
  version "1.3.6"
  resolved "https://registry.npmjs.org/make-error/-/make-error-1.3.6.tgz"
  integrity sha512-s8UhlNe7vPKomQhC1qFelMokr/Sc3AgNbso3n74mVPA5LTZwkB9NlXf4XPamLxJE8h0gh73rM94xvwRT2CVInw==

minimatch@^3.0.4:
  version "3.1.2"
  resolved "https://registry.npmjs.org/minimatch/-/minimatch-3.1.2.tgz"
  integrity sha512-J7p63hRiAjw1NDEww1W7i37+ByIrOWO5XQQAzZ3VOcL0PNybwpfmV/N05zFAzwQ9USyEcX6t3UO+K5aqBQOIHw==
  dependencies:
    brace-expansion "^1.1.7"

minimist@^1.2.5:
  version "1.2.5"
  resolved "https://registry.npmjs.org/minimist/-/minimist-1.2.5.tgz"
  integrity sha512-FM9nNUYrRBAELZQT3xeZQ7fmMOBg6nWNmJKTcgsJeaLstP/UODVpGsr5OhXhhXg6f+qtJ8uiZ+PUxkDWcgIXLw==

mkdirp@^1.0.4:
  version "1.0.4"
  resolved "https://registry.npmjs.org/mkdirp/-/mkdirp-1.0.4.tgz"
  integrity sha512-vVqVZQyf3WLx2Shd0qJ9xuvqgAyKPLAiqITEtqW0oIUjzo3PePDd6fW9iFz30ef7Ysp/oiWqbhszeGWW2T6Gzw==

node-domexception@^1.0.0:
  version "1.0.0"
  resolved "https://registry.yarnpkg.com/node-domexception/-/node-domexception-1.0.0.tgz#6888db46a1f71c0b76b3f7555016b63fe64766e5"
  integrity sha512-/jKZoMpw0F8GRwl4/eLROPA3cfcXtLApP0QzLmUT/HuPCZWyB7IY9ZrMeKw2O/nFIqPQB3PVM9aYm0F312AXDQ==

node-fetch@^3.2.0:
  version "3.2.0"
  resolved "https://registry.yarnpkg.com/node-fetch/-/node-fetch-3.2.0.tgz#59390db4e489184fa35d4b74caf5510e8dfbaf3b"
  integrity sha512-8xeimMwMItMw8hRrOl3C9/xzU49HV/yE6ORew/l+dxWimO5A4Ra8ld2rerlJvc/O7et5Z1zrWsPX43v1QBjCxw==
  dependencies:
    data-uri-to-buffer "^4.0.0"
    fetch-blob "^3.1.4"
    formdata-polyfill "^4.0.10"

node-localstorage@^2.2.1:
  version "2.2.1"
  resolved "https://registry.yarnpkg.com/node-localstorage/-/node-localstorage-2.2.1.tgz#869723550a4883e426cb391d2df0b563a51c7c1c"
  integrity sha512-vv8fJuOUCCvSPjDjBLlMqYMHob4aGjkmrkaE42/mZr0VT+ZAU10jRF8oTnX9+pgU9/vYJ8P7YT3Vd6ajkmzSCw==
  dependencies:
    write-file-atomic "^1.1.4"

normalize-path@^3.0.0, normalize-path@~3.0.0:
  version "3.0.0"
  resolved "https://registry.npmjs.org/normalize-path/-/normalize-path-3.0.0.tgz"
  integrity sha512-6eZs5Ls3WtCisHWp9S2GUy8dqkpGi4BVSz3GaqiE6ezub0512ESztXUwUB6C6IKbQkY2Pnb/mD4WYojCRwcwLA==

once@^1.3.0:
  version "1.4.0"
  resolved "https://registry.npmjs.org/once/-/once-1.4.0.tgz"
  integrity sha1-WDsap3WWHUsROsF9nFC6753Xa9E=
  dependencies:
    wrappy "1"

path-is-absolute@^1.0.0:
  version "1.0.1"
  resolved "https://registry.npmjs.org/path-is-absolute/-/path-is-absolute-1.0.1.tgz"
  integrity sha1-F0uSaHNVNP+8es5r9TpanhtcX18=

path-key@^3.1.0:
  version "3.1.1"
  resolved "https://registry.npmjs.org/path-key/-/path-key-3.1.1.tgz"
  integrity sha512-ojmeN0qd+y0jszEtoY48r0Peq5dwMEkIlCOu6Q5f41lfkswXuKtYrhgoTpLnyIcHm24Uhqx+5Tqm2InSwLhE6Q==

path-parse@^1.0.7:
  version "1.0.7"
  resolved "https://registry.npmjs.org/path-parse/-/path-parse-1.0.7.tgz"
  integrity sha512-LDJzPVEEEPR+y48z93A0Ed0yXb8pAByGWo/k5YYdYgpY2/2EsOsksJrq7lOHxryrVOn1ejG6oAp8ahvOIQD8sw==

picomatch@^2.0.4, picomatch@^2.2.1:
  version "2.3.1"
  resolved "https://registry.npmjs.org/picomatch/-/picomatch-2.3.1.tgz"
  integrity sha512-JU3teHTNjmE2VCGFzuY8EXzCDVwEqB2a8fsIvwaStHhAWJEeVd1o1QD80CU6+ZdEXXSLbSsuLwJjkCBWqRQUVA==

readdirp@~3.6.0:
  version "3.6.0"
  resolved "https://registry.npmjs.org/readdirp/-/readdirp-3.6.0.tgz"
  integrity sha512-hOS089on8RduqdbhvQ5Z37A0ESjsqz6qnRcffsMU3495FuTdqSm+7bhJ29JvIOsBDEEnan5DPu9t3To9VRlMzA==
  dependencies:
    picomatch "^2.2.1"

resolve@^1.0.0:
  version "1.22.0"
  resolved "https://registry.npmjs.org/resolve/-/resolve-1.22.0.tgz"
  integrity sha512-Hhtrw0nLeSrFQ7phPp4OOcVjLPIeMnRlr5mcnVuMe7M/7eBn98A3hmFRLoFo3DLZkivSYwhRUJTyPyWAk56WLw==
  dependencies:
    is-core-module "^2.8.1"
    path-parse "^1.0.7"
    supports-preserve-symlinks-flag "^1.0.0"

rimraf@^2.6.1:
  version "2.7.1"
  resolved "https://registry.npmjs.org/rimraf/-/rimraf-2.7.1.tgz"
  integrity sha512-uWjbaKIK3T1OSVptzX7Nl6PvQ3qAGtKEtVRjRuazjfL3Bx5eI409VZSqgND+4UNnmzLVdPj9FqFJNPqBZFve4w==
  dependencies:
    glob "^7.1.3"

shebang-command@^2.0.0:
  version "2.0.0"
  resolved "https://registry.npmjs.org/shebang-command/-/shebang-command-2.0.0.tgz"
  integrity sha512-kHxr2zZpYtdmrN1qDjrrX/Z1rR1kG8Dx+gkpK1G4eXmvXswmcE1hTWBWYUzlraYw1/yZp6YuDY77YtvbN0dmDA==
  dependencies:
    shebang-regex "^3.0.0"

shebang-regex@^3.0.0:
  version "3.0.0"
  resolved "https://registry.npmjs.org/shebang-regex/-/shebang-regex-3.0.0.tgz"
  integrity sha512-7++dFhtcx3353uBaq8DDR4NuxBetBzC7ZQOhmTQInHEd6bSrXdiEyzCvG07Z44UYdLShWUyXt5M/yhz8ekcb1A==

slide@^1.1.5:
  version "1.1.6"
  resolved "https://registry.yarnpkg.com/slide/-/slide-1.1.6.tgz#56eb027d65b4d2dce6cb2e2d32c4d4afc9e1d707"
  integrity sha1-VusCfWW00tzmyy4tMsTUr8nh1wc=

source-map-support@^0.5.12, source-map-support@^0.5.17:
  version "0.5.21"
  resolved "https://registry.npmjs.org/source-map-support/-/source-map-support-0.5.21.tgz"
  integrity sha512-uBHU3L3czsIyYXKX88fdrGovxdSCoTGDRZ6SYXtSRxLZUzHg5P/66Ht6uoUlHu9EZod+inXhKo3qQgwXUT/y1w==
  dependencies:
    buffer-from "^1.0.0"
    source-map "^0.6.0"

source-map@^0.6.0:
  version "0.6.1"
  resolved "https://registry.npmjs.org/source-map/-/source-map-0.6.1.tgz"
  integrity sha512-UjgapumWlbMhkBgzT7Ykc5YXUT46F0iKu8SGXq0bcwP5dz/h0Plj6enJqjz1Zbq2l5WaqYnrVbwWOWMyF3F47g==

stale-while-revalidate-cache@^1.2.0:
  version "1.2.0"
  resolved "https://registry.yarnpkg.com/stale-while-revalidate-cache/-/stale-while-revalidate-cache-1.2.0.tgz#a8b99f1a93cae3f6142b6321544da1acb325e436"
  integrity sha512-9cpeOO2T+z6PVVkWl6PNTTXAWmweoeufDbkbjzOZO7zs2tK6F3u+JsWNADRk7x9fo5vTPI44WW7aseR1M5+QEA==
  dependencies:
    emittery "^0.9.2"

strip-bom@^3.0.0:
  version "3.0.0"
  resolved "https://registry.npmjs.org/strip-bom/-/strip-bom-3.0.0.tgz"
  integrity sha1-IzTBjpx1n3vdVv3vfprj1YjmjtM=

strip-json-comments@^2.0.0:
  version "2.0.1"
  resolved "https://registry.npmjs.org/strip-json-comments/-/strip-json-comments-2.0.1.tgz"
  integrity sha1-PFMZQukIwml8DsNEhYwobHygpgo=

supports-color@^5.3.0:
  version "5.5.0"
  resolved "https://registry.npmjs.org/supports-color/-/supports-color-5.5.0.tgz"
  integrity sha512-QjVjwdXIt408MIiAqCX4oUKsgU2EqAGzs2Ppkm4aQYbjm+ZEWEcW4SfFNTr4uMNZma0ey4f5lgLrkB0aX0QMow==
  dependencies:
    has-flag "^3.0.0"

supports-preserve-symlinks-flag@^1.0.0:
  version "1.0.0"
  resolved "https://registry.npmjs.org/supports-preserve-symlinks-flag/-/supports-preserve-symlinks-flag-1.0.0.tgz"
  integrity sha512-ot0WnXS9fgdkgIcePe6RHNk1WA8+muPa6cSjeR3V8K27q9BB1rTE3R1p7Hv0z1ZyAc8s6Vvv8DIyWf681MAt0w==

to-regex-range@^5.0.1:
  version "5.0.1"
  resolved "https://registry.npmjs.org/to-regex-range/-/to-regex-range-5.0.1.tgz"
  integrity sha512-65P7iz6X5yEr1cwcgvQxbbIw7Uk3gOy5dIdtZ4rDveLqhrdJP+Li/Hx6tyK0NEb+2GCyneCMJiGqrADCSNk8sQ==
  dependencies:
    is-number "^7.0.0"

tree-kill@^1.2.2:
  version "1.2.2"
  resolved "https://registry.npmjs.org/tree-kill/-/tree-kill-1.2.2.tgz"
  integrity sha512-L0Orpi8qGpRG//Nd+H90vFB+3iHnue1zSSGmNOOCh1GLJ7rUKVwV2HvijphGQS2UmhUZewS9VgvxYIdgr+fG1A==

ts-node-dev@^1.1.8:
  version "1.1.8"
  resolved "https://registry.npmjs.org/ts-node-dev/-/ts-node-dev-1.1.8.tgz"
  integrity sha512-Q/m3vEwzYwLZKmV6/0VlFxcZzVV/xcgOt+Tx/VjaaRHyiBcFlV0541yrT09QjzzCxlDZ34OzKjrFAynlmtflEg==
  dependencies:
    chokidar "^3.5.1"
    dynamic-dedupe "^0.3.0"
    minimist "^1.2.5"
    mkdirp "^1.0.4"
    resolve "^1.0.0"
    rimraf "^2.6.1"
    source-map-support "^0.5.12"
    tree-kill "^1.2.2"
    ts-node "^9.0.0"
    tsconfig "^7.0.0"

ts-node@^9.0.0:
  version "9.1.1"
  resolved "https://registry.npmjs.org/ts-node/-/ts-node-9.1.1.tgz"
  integrity sha512-hPlt7ZACERQGf03M253ytLY3dHbGNGrAq9qIHWUY9XHYl1z7wYngSr3OQ5xmui8o2AaxsONxIzjafLUiWBo1Fg==
  dependencies:
    arg "^4.1.0"
    create-require "^1.1.0"
    diff "^4.0.1"
    make-error "^1.1.1"
    source-map-support "^0.5.17"
    yn "3.1.1"

tsconfig@^7.0.0:
  version "7.0.0"
  resolved "https://registry.npmjs.org/tsconfig/-/tsconfig-7.0.0.tgz"
  integrity sha512-vZXmzPrL+EmC4T/4rVlT2jNVMWCi/O4DIiSj3UHg1OE5kCKbk4mfrXc6dZksLgRM/TZlKnousKH9bbTazUWRRw==
  dependencies:
    "@types/strip-bom" "^3.0.0"
    "@types/strip-json-comments" "0.0.30"
    strip-bom "^3.0.0"
    strip-json-comments "^2.0.0"

typescript@^4.5.5:
  version "4.5.5"
  resolved "https://registry.npmjs.org/typescript/-/typescript-4.5.5.tgz"
  integrity sha512-TCTIul70LyWe6IJWT8QSYeA54WQe8EjQFU4wY52Fasj5UKx88LNYKCgBEHcOMOrFF1rKGbD8v/xcNWVUq9SymA==

web-streams-polyfill@^3.0.3:
  version "3.2.0"
  resolved "https://registry.yarnpkg.com/web-streams-polyfill/-/web-streams-polyfill-3.2.0.tgz#a6b74026b38e4885869fb5c589e90b95ccfc7965"
  integrity sha512-EqPmREeOzttaLRm5HS7io98goBgZ7IVz79aDvqjD0kYXLtFZTc0T/U6wHTPKyIjb+MdN7DFIIX6hgdBEpWmfPA==

which@^2.0.1:
  version "2.0.2"
  resolved "https://registry.npmjs.org/which/-/which-2.0.2.tgz"
  integrity sha512-BLI3Tl1TW3Pvl70l3yq3Y64i+awpwXqsGBYWkkqMtnbXgrMD+yj7rhW0kuEDxzJaYXGjEW5ogapKNMEKNMjibA==
  dependencies:
    isexe "^2.0.0"

wrappy@1:
  version "1.0.2"
  resolved "https://registry.npmjs.org/wrappy/-/wrappy-1.0.2.tgz"
  integrity sha1-tSQ9jz7BqjXxNkYFvA0QNuMKtp8=

write-file-atomic@^1.1.4:
  version "1.3.4"
  resolved "https://registry.yarnpkg.com/write-file-atomic/-/write-file-atomic-1.3.4.tgz#f807a4f0b1d9e913ae7a48112e6cc3af1991b45f"
  integrity sha1-+Aek8LHZ6ROuekgRLmzDrxmRtF8=
  dependencies:
    graceful-fs "^4.1.11"
    imurmurhash "^0.1.4"
    slide "^1.1.5"

xtend@^4.0.0:
  version "4.0.2"
  resolved "https://registry.npmjs.org/xtend/-/xtend-4.0.2.tgz"
  integrity sha512-LKYU1iAXJXUgAXn9URjiu+MWhyUXHsvfp7mcuYm9dSUKK0/CjtrUwFAxD82/mCWbtLsGjFIad0wIsod4zrTAEQ==

yn@3.1.1:
  version "3.1.1"
  resolved "https://registry.npmjs.org/yn/-/yn-3.1.1.tgz"
  integrity sha512-Ux4ygGWsu2c7isFWe8Yu1YluJmqVhxqK2cLXNQA5AcC3QfbGNpM7fu0Y8b/z16pXLnFxZYvWhd3fhBY9DLmC6Q==
